lockfileVersion: '9.0'

settings:
  autoInstallPeers: true
  excludeLinksFromLockfile: false

importers:

  .: {}

  apps/web:
    dependencies:
      '@manabu/db':
        specifier: workspace:*
        version: link:../../packages/db
      '@manabu/domain':
        specifier: workspace:*
        version: link:../../packages/domain
      '@manabu/shared':
        specifier: workspace:*
        version: link:../../packages/shared
      '@manabu/ui':
        specifier: workspace:*
        version: link:../../packages/ui
    devDependencies:
      typescript:
        specifier: ^5.8.0
        version: 5.9.3

  e2e: {}

  packages/db:
    dependencies:
      '@manabu/domain':
        specifier: workspace:*
        version: link:../domain
      '@manabu/shared':
        specifier: workspace:*
        version: link:../shared
    devDependencies:
      typescript:
        specifier: ^5.8.0
        version: 5.9.3

  packages/domain:
    dependencies:
      '@manabu/shared':
        specifier: workspace:*
        version: link:../shared
    devDependencies:
      typescript:
        specifier: ^5.8.0
        version: 5.9.3

  packages/shared:
    devDependencies:
      typescript:
        specifier: ^5.8.0
        version: 5.9.3

  packages/ui:
    dependencies:
      '@manabu/shared':
        specifier: workspace:*
        version: link:../shared
    devDependencies:
      typescript:
        specifier: ^5.8.0
        version: 5.9.3

packages:

  typescript@5.9.3:
    resolution: {integrity: sha512-jl1vZzPDinLr9eUt3J/t7V6FgNEw9QjvBPdysz9KfQDD41fQrC2Y4vKQdiaUpFT4bXlb1RHhLpp8wtm6M5TgSw==}
    engines: {node: '>=14.17'}
    hasBin: true

snapshots:

  typescript@5.9.3: {}
